
Microsoft Visual Studio Solution File, Format Version 12.00
# Visual Studio Version 17
VisualStudioVersion = 17.0.31912.275
MinimumVisualStudioVersion = 10.0.40219.1
Project("{FAE04EC0-301F-11D3-BF4B-00C04F79EFBC}") = "QuizTest", "QuizTest\QuizTest.csproj", "{8298FADD-3AFE-417B-A98B-9F60FB379224}"
EndProject
Global
	GlobalSection(SolutionConfigurationPlatforms) = preSolution
		Debug|Any CPU = Debug|Any CPU
		Release|Any CPU = Release|Any CPU
	EndGlobalSection
	GlobalSection(ProjectConfigurationPlatforms) = postSolution
		{8298FADD-3AFE-417B-A98B-9F60FB379224}.Debug|Any CPU.ActiveCfg = Debug|Any CPU
		{8298FADD-3AFE-417B-A98B-9F60FB379224}.Debug|Any CPU.Build.0 = Debug|Any CPU
		{8298FADD-3AFE-417B-A98B-9F60FB379224}.Release|Any CPU.ActiveCfg = Release|Any CPU
		{8298FADD-3AFE-417B-A98B-9F60FB379224}.Release|Any CPU.Build.0 = Release|Any CPU
	EndGlobalSection
	GlobalSection(SolutionProperties) = preSolution
		HideSolutionNode = FALSE
	EndGlobalSection
	GlobalSection(ExtensibilityGlobals) = postSolution
		SolutionGuid = {D4A1E1AF-F1EC-49B2-9CDC-FAA023659F96}
	EndGlobalSection
EndGlobal
